// !$*UTF8*$!
{
	archiveVersion = 1;
	classes = {
	};
	objectVersion = 50;
	objects = {

/* Begin PBXBuildFile section */
		C206670B230D136D0024FA07 /* AppDelegate.m in Sources */ = {isa = PBXBuildFile; fileRef = C206670A230D136D0024FA07 /* AppDelegate.m */; };
		C206670E230D136D0024FA07 /* ViewController.m in Sources */ = {isa = PBXBuildFile; fileRef = C206670D230D136D0024FA07 /* ViewController.m */; };
		C2066711230D136D0024FA07 /* Main.storyboard in Resources */ = {isa = PBXBuildFile; fileRef = C206670F230D136D0024FA07 /* Main.storyboard */; };
		C2066714230D136D0024FA07 /* ObjectivecBasics.xcdatamodeld in Sources */ = {isa = PBXBuildFile; fileRef = C2066712230D136D0024FA07 /* ObjectivecBasics.xcdatamodeld */; };
		C2066716230D13700024FA07 /* Assets.xcassets in Resources */ = {isa = PBXBuildFile; fileRef = C2066715230D13700024FA07 /* Assets.xcassets */; };
		C2066719230D13700024FA07 /* LaunchScreen.storyboard in Resources */ = {isa = PBXBuildFile; fileRef = C2066717230D13700024FA07 /* LaunchScreen.storyboard */; };
		C206671C230D13700024FA07 /* main.m in Sources */ = {isa = PBXBuildFile; fileRef = C206671B230D13700024FA07 /* main.m */; };
		C2066724230D14B40024FA07 /* SecondViewController.m in Sources */ = {isa = PBXBuildFile; fileRef = C2066723230D14B40024FA07 /* SecondViewController.m */; };
/* End PBXBuildFile section */

/* Begin PBXFileReference section */
		C2066706230D136D0024FA07 /* ObjectivecBasics.app */ = {isa = PBXFileReference; explicitFileType = wrapper.application; includeInIndex = 0; path = ObjectivecBasics.app; sourceTree = BUILT_PRODUCTS_DIR; };
		C2066709230D136D0024FA07 /* AppDelegate.h */ = {isa = PBXFileReference; lastKnownFileType = sourcecode.c.h; path = AppDelegate.h; sourceTree = "<group>"; };
		C206670A230D136D0024FA07 /* AppDelegate.m */ = {isa = PBXFileReference; lastKnownFileType = sourcecode.c.objc; path = AppDelegate.m; sourceTree = "<group>"; };
		C206670C230D136D0024FA07 /* ViewController.h */ = {isa = PBXFileReference; lastKnownFileType = sourcecode.c.h; path = ViewController.h; sourceTree = "<group>"; };
		C206670D230D136D0024FA07 /* ViewController.m */ = {isa = PBXFileReference; lastKnownFileType = sourcecode.c.objc; path = ViewController.m; sourceTree = "<group>"; };
		C2066710230D136D0024FA07 /* Base */ = {isa = PBXFileReference; lastKnownFileType = file.storyboard; name = Base; path = Base.lproj/Main.storyboard; sourceTree = "<group>"; };
		C2066713230D136D0024FA07 /* ObjectivecBasics.xcdatamodel */ = {isa = PBXFileReference; lastKnownFileType = wrapper.xcdatamodel; path = ObjectivecBasics.xcdatamodel; sourceTree = "<group>"; };
		C2066715230D13700024FA07 /* Assets.xcassets */ = {isa = PBXFileReference; lastKnownFileType = folder.assetcatalog; path = Assets.xcassets; sourceTree = "<group>"; };
		C2066718230D13700024FA07 /* Base */ = {isa = PBXFileReference; lastKnownFileType = file.storyboard; name = Base; path = Base.lproj/LaunchScreen.storyboard; sourceTree = "<group>"; };
		C206671A230D13700024FA07 /* Info.plist */ = {isa = PBXFileReference; lastKnownFileType = text.plist.xml; path = Info.plist; sourceTree = "<group>"; };
		C206671B230D13700024FA07 /* main.m */ = {isa = PBXFileReference; lastKnownFileType = sourcecode.c.objc; path = main.m; sourceTree = "<group>"; };
		C2066722230D14B40024FA07 /* SecondViewController.h */ = {isa = PBXFileReference; lastKnownFileType = sourcecode.c.h; path = SecondViewController.h; sourceTree = "<group>"; };
		C2066723230D14B40024FA07 /* SecondViewController.m */ = {isa = PBXFileReference; lastKnownFileType = sourcecode.c.objc; path = SecondViewController.m; sourceTree = "<group>"; };
/* End PBXFileReference section */

/* Begin PBXFrameworksBuildPhase section */
		C2066703230D136D0024FA07 /* Frameworks */ = {
			isa = PBXFrameworksBuildPhase;
			buildActionMask = 2147483647;
			files = (
			);
			runOnlyForDeploymentPostprocessing = 0;
		};
/* End PBXFrameworksBuildPhase section */

/* Begin PBXGroup section */
		C20666FD230D136D0024FA07 = {
			isa = PBXGroup;
			children = (
				C2066708230D136D0024FA07 /* ObjectivecBasics */,
				C2066707230D136D0024FA07 /* Products */,
			);
			sourceTree = "<group>";
		};
		C2066707230D136D0024FA07 /* Products */ = {
			isa = PBXGroup;
			children = (
				C2066706230D136D0024FA07 /* ObjectivecBasics.app */,
			);
			name = Products;
			sourceTree = "<group>";
		};
		C2066708230D136D0024FA07 /* ObjectivecBasics */ = {
			isa = PBXGroup;
			children = (
				C2066709230D136D0024FA07 /* AppDelegate.h */,
				C206670A230D136D0024FA07 /* AppDelegate.m */,
				C206670C230D136D0024FA07 /* ViewController.h */,
				C206670D230D136D0024FA07 /* ViewController.m */,
				C206670F230D136D0024FA07 /* Main.storyboard */,
				C2066715230D13700024FA07 /* Assets.xcassets */,
				C2066717230D13700024FA07 /* LaunchScreen.storyboard */,
				C206671A230D13700024FA07 /* Info.plist */,
				C206671B230D13700024FA07 /* main.m */,
				C2066712230D136D0024FA07 /* ObjectivecBasics.xcdatamodeld */,
				C2066722230D14B40024FA07 /* SecondViewController.h */,
				C2066723230D14B40024FA07 /* SecondViewController.m */,
			);
			path = ObjectivecBasics;
			sourceTree = "<group>";
		};
/* End PBXGroup section */

/* Begin PBXNativeTarget section */
		C2066705230D136D0024FA07 /* ObjectivecBasics */ = {
			isa = PBXNativeTarget;
			buildConfigurationList = C206671F230D13700024FA07 /* Build configuration list for PBXNativeTarget "ObjectivecBasics" */;
			buildPhases = (
				C2066702230D136D0024FA07 /* Sources */,
				C2066703230D136D0024FA07 /* Frameworks */,
				C2066704230D136D0024FA07 /* Resources */,
			);
			buildRules = (
			);
			dependencies = (
			);
			name = ObjectivecBasics;
			productName = ObjectivecBasics;
			productReference = C2066706230D136D0024FA07 /* ObjectivecBasics.app */;
			productType = "com.apple.product-type.application";
		};
/* End PBXNativeTarget section */

/* Begin PBXProject section */
		C20666FE230D136D0024FA07 /* Project object */ = {
			isa = PBXProject;
			attributes = {
				LastUpgradeCheck = 1000;
				ORGANIZATIONNAME = greens;
				TargetAttributes = {
					C2066705230D136D0024FA07 = {
						CreatedOnToolsVersion = 10.0;
					};
				};
			};
			buildConfigurationList = C2066701230D136D0024FA07 /* Build configuration list for PBXProject "ObjectivecBasics" */;
			compatibilityVersion = "Xcode 9.3";
			developmentRegion = en;
			hasScannedForEncodings = 0;
			knownRegions = (
				en,
				Base,
			);
			mainGroup = C20666FD230D136D0024FA07;
			productRefGroup = C2066707230D136D0024FA07 /* Products */;
			projectDirPath = "";
			projectRoot = "";
			targets = (
				C2066705230D136D0024FA07 /* ObjectivecBasics */,
			);
		};
/* End PBXProject section */

/* Begin PBXResourcesBuildPhase section */
		C2066704230D136D0024FA07 /* Resources */ = {
			isa = PBXResourcesBuildPhase;
			buildActionMask = 2147483647;
			files = (
				C2066719230D13700024FA07 /* LaunchScreen.storyboard in Resources */,
				C2066716230D13700024FA07 /* Assets.xcassets in Resources */,
				C2066711230D136D0024FA07 /* Main.storyboard in Resources */,
			);
			runOnlyForDeploymentPostprocessing = 0;
		};
/* End PBXResourcesBuildPhase section */

/* Begin PBXSourcesBuildPhase section */
		C2066702230D136D0024FA07 /* Sources */ = {
			isa = PBXSourcesBuildPhase;
			buildActionMask = 2147483647;
			files = (
				C2066724230D14B40024FA07 /* SecondViewController.m in Sources */,
				C206670E230D136D0024FA07 /* ViewController.m in Sources */,
				C206670B230D136D0024FA07 /* AppDelegate.m in Sources */,
				C206671C230D13700024FA07 /* main.m in Sources */,
				C2066714230D136D0024FA07 /* ObjectivecBasics.xcdatamodeld in Sources */,
			);
			runOnlyForDeploymentPostprocessing = 0;
		};
/* End PBXSourcesBuildPhase section */

/* Begin PBXVariantGroup section */
		C206670F230D136D0024FA07 /* Main.storyboard */ = {
			isa = PBXVariantGroup;
			children = (
				C2066710230D136D0024FA07 /* Base */,
			);
			name = Main.storyboard;
			sourceTree = "<group>";
		};
		C2066717230D13700024FA07 /* LaunchScreen.storyboard */ = {
			isa = PBXVariantGroup;
			children = (
				C2066718230D13700024FA07 /* Base */,
			);
			name = LaunchScreen.storyboard;
			sourceTree = "<group>";
		};
/* End PBXVariantGroup section */

/* Begin XCBuildConfiguration section */
		C206671D230D13700024FA07 /* Debug */ = {
			isa = XCBuildConfiguration;
			buildSettings = {
				ALWAYS_SEARCH_USER_PATHS = NO;
				CLANG_ANALYZER_NONNULL = YES;
				CLANG_ANALYZER_NUMBER_OBJECT_CONVERSION = YES_AGGRESSIVE;
				CLANG_CXX_LANGUAGE_STANDARD = "gnu++14";
				CLANG_CXX_LIBRARY = "libc++";
				CLANG_ENABLE_MODULES = YES;
				CLANG_ENABLE_OBJC_ARC = YES;
				CLANG_ENABLE_OBJC_WEAK = YES;
				CLANG_WARN_BLOCK_CAPTURE_AUTORELEASING = YES;
				CLANG_WARN_BOOL_CONVERSION = YES;
				CLANG_WARN_COMMA = YES;
				CLANG_WARN_CONSTANT_CONVERSION = YES;
				CLANG_WARN_DEPRECATED_OBJC_IMPLEMENTATIONS = YES;
				CLANG_WARN_DIRECT_OBJC_ISA_USAGE = YES_ERROR;
				CLANG_WARN_DOCUMENTATION_COMMENTS = YES;
				CLANG_WARN_EMPTY_BODY = YES;
				CLANG_WARN_ENUM_CONVERSION = YES;
				CLANG_WARN_INFINITE_RECURSION = YES;
				CLANG_WARN_INT_CONVERSION = YES;
				CLANG_WARN_NON_LITERAL_NULL_CONVERSION = YES;
				CLANG_WARN_OBJC_IMPLICIT_RETAIN_SELF = YES;
				CLANG_WARN_OBJC_LITERAL_CONVERSION = YES;
				CLANG_WARN_OBJC_ROOT_CLASS = YES_ERROR;
				CLANG_WARN_RANGE_LOOP_ANALYSIS = YES;
				CLANG_WARN_STRICT_PROTOTYPES = YES;
				CLANG_WARN_SUSPICIOUS_MOVE = YES;
				CLANG_WARN_UNGUARDED_AVAILABILITY = YES_AGGRESSIVE;
				CLANG_WARN_UNREACHABLE_CODE = YES;
				CLANG_WARN__DUPLICATE_METHOD_MATCH = YES;
				CODE_SIGN_IDENTITY = "iPhone Developer";
				COPY_PHASE_STRIP = NO;
				DEBUG_INFORMATION_FORMAT = dwarf;
				ENABLE_STRICT_OBJC_MSGSEND = YES;
				ENABLE_TESTABILITY = YES;
				GCC_C_LANGUAGE_STANDARD = gnu11;
				GCC_DYNAMIC_NO_PIC = NO;
				GCC_NO_COMMON_BLOCKS = YES;
				GCC_OPTIMIZATION_LEVEL = 0;
				GCC_PREPROCESSOR_DEFINITIONS = (
					"DEBUG=1",
					"$(inherited)",
				);
				GCC_WARN_64_TO_32_BIT_CONVERSION = YES;
				GCC_WARN_ABOUT_RETURN_TYPE = YES_ERROR;
				GCC_WARN_UNDECLARED_SELECTOR = YES;
				GCC_WARN_UNINITIALIZED_AUTOS = YES_AGGRESSIVE;
				GCC_WARN_UNUSED_FUNCTION = YES;
				GCC_WARN_UNUSED_VARIABLE = YES;
				IPHONEOS_DEPLOYMENT_TARGET = 12.0;
				MTL_ENABLE_DEBUG_INFO = INCLUDE_SOURCE;
				MTL_FAST_MATH = YES;
				ONLY_ACTIVE_ARCH = YES;
				SDKROOT = iphoneos;
			};
			name = Debug;
		};
		C206671E230D13700024FA07 /* Release */ = {
			isa = XCBuildConfiguration;
			buildSettings = {
				ALWAYS_SEARCH_USER_PATHS = NO;
				CLANG_ANALYZER_NONNULL = YES;
				CLANG_ANALYZER_NUMBER_OBJECT_CONVERSION = YES_AGGRESSIVE;
				CLANG_CXX_LANGUAGE_STANDARD = "gnu++14";
				CLANG_CXX_LIBRARY = "libc++";
				CLANG_ENABLE_MODULES = YES;
				CLANG_ENABLE_OBJC_ARC = YES;
				CLANG_ENABLE_OBJC_WEAK = YES;
				CLANG_WARN_BLOCK_CAPTURE_AUTORELEASING = YES;
				CLANG_WARN_BOOL_CONVERSION = YES;
				CLANG_WARN_COMMA = YES;
				CLANG_WARN_CONSTANT_CONVERSION = YES;
				CLANG_WARN_DEPRECATED_OBJC_IMPLEMENTATIONS = YES;
				CLANG_WARN_DIRECT_OBJC_ISA_USAGE = YES_ERROR;
				CLANG_WARN_DOCUMENTATION_COMMENTS = YES;
				CLANG_WARN_EMPTY_BODY = YES;
				CLANG_WARN_ENUM_CONVERSION = YES;
				CLANG_WARN_INFINITE_RECURSION = YES;
				CLANG_WARN_INT_CONVERSION = YES;
				CLANG_WARN_NON_LITERAL_NULL_CONVERSION = YES;
				CLANG_WARN_OBJC_IMPLICIT_RETAIN_SELF = YES;
				CLANG_WARN_OBJC_LITERAL_CONVERSION = YES;
				CLANG_WARN_OBJC_ROOT_CLASS = YES_ERROR;
				CLANG_WARN_RANGE_LOOP_ANALYSIS = YES;
				CLANG_WARN_STRICT_PROTOTYPES = YES;
				CLANG_WARN_SUSPICIOUS_MOVE = YES;
				CLANG_WARN_UNGUARDED_AVAILABILITY = YES_AGGRESSIVE;
				CLANG_WARN_UNREACHABLE_CODE = YES;
				CLANG_WARN__DUPLICATE_METHOD_MATCH = YES;
				CODE_SIGN_IDENTITY = "iPhone Developer";
				COPY_PHASE_STRIP = NO;
				DEBUG_INFORMATION_FORMAT = "dwarf-with-dsym";
				ENABLE_NS_ASSERTIONS = NO;
				ENABLE_STRICT_OBJC_MSGSEND = YES;
				GCC_C_LANGUAGE_STANDARD = gnu11;
				GCC_NO_COMMON_BLOCKS = YES;
				GCC_WARN_64_TO_32_BIT_CONVERSION = YES;
				GCC_WARN_ABOUT_RETURN_TYPE = YES_ERROR;
				GCC_WARN_UNDECLARED_SELECTOR = YES;
				GCC_WARN_UNINITIALIZED_AUTOS = YES_AGGRESSIVE;
				GCC_WARN_UNUSED_FUNCTION = YES;
				GCC_WARN_UNUSED_VARIABLE = YES;
				IPHONEOS_DEPLOYMENT_TARGET = 12.0;
				MTL_ENABLE_DEBUG_INFO = NO;
				MTL_FAST_MATH = YES;
				SDKROOT = iphoneos;
				VALIDATE_PRODUCT = YES;
			};
			name = Release;
		};
		C2066720230D13700024FA07 /* Debug */ = {
			isa = XCBuildConfiguration;
			buildSettings = {
				ASSETCATALOG_COMPILER_APPICON_NAME = AppIcon;
				CODE_SIGN_STYLE = Automatic;
				INFOPLIST_FILE = ObjectivecBasics/Info.plist;
				LD_RUNPATH_SEARCH_PATHS = (
					"$(inherited)",
					"@executable_path/Frameworks",
				);
				PRODUCT_BUNDLE_IDENTIFIER = com.greens.ObjectivecBasics;
				PRODUCT_NAME = "$(TARGET_NAME)";
				TARGETED_DEVICE_FAMILY = "1,2";
			};
			name = Debug;
		};
		C2066721230D13700024FA07 /* Release */ = {
			isa = XCBuildConfiguration;
			buildSettings = {
				ASSETCATALOG_COMPILER_APPICON_NAME = AppIcon;
				CODE_SIGN_STYLE = Automatic;
				INFOPLIST_FILE = ObjectivecBasics/Info.plist;
				LD_RUNPATH_SEARCH_PATHS = (
					"$(inherited)",
					"@executable_path/Frameworks",
				);
				PRODUCT_BUNDLE_IDENTIFIER = com.greens.ObjectivecBasics;
				PRODUCT_NAME = "$(TARGET_NAME)";
				TARGETED_DEVICE_FAMILY = "1,2";
			};
			name = Release;
		};
/* End XCBuildConfiguration section */

/* Begin XCConfigurationList section */
		C2066701230D136D0024FA07 /* Build configuration list for PBXProject "ObjectivecBasics" */ = {
			isa = XCConfigurationList;
			buildConfigurations = (
				C206671D230D13700024FA07 /* Debug */,
				C206671E230D13700024FA07 /* Release */,
			);
			defaultConfigurationIsVisible = 0;
			defaultConfigurationName = Release;
		};
		C206671F230D13700024FA07 /* Build configuration list for PBXNativeTarget "ObjectivecBasics" */ = {
			isa = XCConfigurationList;
			buildConfigurations = (
				C2066720230D13700024FA07 /* Debug */,
				C2066721230D13700024FA07 /* Release */,
			);
			defaultConfigurationIsVisible = 0;
			defaultConfigurationName = Release;
		};
/* End XCConfigurationList section */

/* Begin XCVersionGroup section */
		C2066712230D136D0024FA07 /* ObjectivecBasics.xcdatamodeld */ = {
			isa = XCVersionGroup;
			children = (
				C2066713230D136D0024FA07 /* ObjectivecBasics.xcdatamodel */,
			);
			currentVersion = C2066713230D136D0024FA07 /* ObjectivecBasics.xcdatamodel */;
			path = ObjectivecBasics.xcdatamodeld;
			sourceTree = "<group>";
			versionGroupType = wrapper.xcdatamodel;
		};
/* End XCVersionGroup section */
	};
	rootObject = C20666FE230D136D0024FA07 /* Project object */;
}
